// !$*UTF8*$!
{
	archiveVersion = 1;
	classes = {
	};
	objectVersion = 77;
	objects = {

/* Begin PBXBuildFile section */
		C69453BD2F301D4000B84437 /* MWDATCamera in Frameworks */ = {isa = PBXBuildFile; productRef = C69453BC2F301D4000B84437 /* MWDATCamera */; };
		C69453BF2F301D4000B84437 /* MWDATCore in Frameworks */ = {isa = PBXBuildFile; productRef = C69453BE2F301D4000B84437 /* MWDATCore */; };
		C69453C42F30200700B84437 /* StreamVideo in Frameworks */ = {isa = PBXBuildFile; productRef = C69453C32F30200700B84437 /* StreamVideo */; };
		C69453C62F30200700B84437 /* StreamVideoSwiftUI in Frameworks */ = {isa = PBXBuildFile; productRef = C69453C52F30200700B84437 /* StreamVideoSwiftUI */; };
		C69453C82F30200700B84437 /* StreamVideoUIKit in Frameworks */ = {isa = PBXBuildFile; productRef = C69453C72F30200700B84437 /* StreamVideoUIKit */; };
/* End PBXBuildFile section */

/* Begin PBXContainerItemProxy section */
		C67DA0582F3016900087C603 /* PBXContainerItemProxy */ = {
			isa = PBXContainerItemProxy;
			containerPortal = C67DA0422F30168F0087C603 /* Project object */;
			proxyType = 1;
			remoteGlobalIDString = C67DA0492F30168F0087C603;
			remoteInfo = rayban_agents;
		};
		C67DA0622F3016900087C603 /* PBXContainerItemProxy */ = {
			isa = PBXContainerItemProxy;
			containerPortal = C67DA0422F30168F0087C603 /* Project object */;
			proxyType = 1;
			remoteGlobalIDString = C67DA0492F30168F0087C603;
			remoteInfo = rayban_agents;
		};
/* End PBXContainerItemProxy section */

/* Begin PBXFileReference section */
		C67DA04A2F30168F0087C603 /* rayban_agents.app */ = {isa = PBXFileReference; explicitFileType = wrapper.application; includeInIndex = 0; path = rayban_agents.app; sourceTree = BUILT_PRODUCTS_DIR; };
		C67DA0572F3016900087C603 /* rayban_agentsTests.xctest */ = {isa = PBXFileReference; explicitFileType = wrapper.cfbundle; includeInIndex = 0; path = rayban_agentsTests.xctest; sourceTree = BUILT_PRODUCTS_DIR; };
		C67DA0612F3016900087C603 /* rayban_agentsUITests.xctest */ = {isa = PBXFileReference; explicitFileType = wrapper.cfbundle; includeInIndex = 0; path = rayban_agentsUITests.xctest; sourceTree = BUILT_PRODUCTS_DIR; };
/* End PBXFileReference section */

/* Begin PBXFileSystemSynchronizedRootGroup section */
		C67DA04C2F30168F0087C603 /* rayban_agents */ = {
			isa = PBXFileSystemSynchronizedRootGroup;
			path = rayban_agents;
			sourceTree = "<group>";
		};
		C67DA05A2F3016900087C603 /* rayban_agentsTests */ = {
			isa = PBXFileSystemSynchronizedRootGroup;
			path = rayban_agentsTests;
			sourceTree = "<group>";
		};
		C67DA0642F3016900087C603 /* rayban_agentsUITests */ = {
			isa = PBXFileSystemSynchronizedRootGroup;
			path = rayban_agentsUITests;
			sourceTree = "<group>";
		};
/* End PBXFileSystemSynchronizedRootGroup section */

/* Begin PBXFrameworksBuildPhase section */
		C67DA0472F30168F0087C603 /* Frameworks */ = {
			isa = PBXFrameworksBuildPhase;
			buildActionMask = 2147483647;
			files = (
				C69453BD2F301D4000B84437 /* MWDATCamera in Frameworks */,
				C69453C82F30200700B84437 /* StreamVideoUIKit in Frameworks */,
				C69453C42F30200700B84437 /* StreamVideo in Frameworks */,
				C69453C62F30200700B84437 /* StreamVideoSwiftUI in Frameworks */,
				C69453BF2F301D4000B84437 /* MWDATCore in Frameworks */,
			);
			runOnlyForDeploymentPostprocessing = 0;
		};
		C67DA0542F3016900087C603 /* Frameworks */ = {
			isa = PBXFrameworksBuildPhase;
			buildActionMask = 2147483647;
			files = (
			);
			runOnlyForDeploymentPostprocessing = 0;
		};
		C67DA05E2F3016900087C603 /* Frameworks */ = {
			isa = PBXFrameworksBuildPhase;
			buildActionMask = 2147483647;
			files = (
			);
			runOnlyForDeploymentPostprocessing = 0;
		};
/* End PBXFrameworksBuildPhase section */

/* Begin PBXGroup section */
		C67DA0412F30168F0087C603 = {
			isa = PBXGroup;
			children = (
				C67DA04C2F30168F0087C603 /* rayban_agents */,
				C67DA05A2F3016900087C603 /* rayban_agentsTests */,
				C67DA0642F3016900087C603 /* rayban_agentsUITests */,
				C67DA04B2F30168F0087C603 /* Products */,
			);
			sourceTree = "<group>";
		};
		C67DA04B2F30168F0087C603 /* Products */ = {
			isa = PBXGroup;
			children = (
				C67DA04A2F30168F0087C603 /* rayban_agents.app */,
				C67DA0572F3016900087C603 /* rayban_agentsTests.xctest */,
				C67DA0612F3016900087C603 /* rayban_agentsUITests.xctest */,
			);
			name = Products;
			sourceTree = "<group>";
		};
/* End PBXGroup section */

/* Begin PBXNativeTarget section */
		C67DA0492F30168F0087C603 /* rayban_agents */ = {
			isa = PBXNativeTarget;
			buildConfigurationList = C67DA06B2F3016900087C603 /* Build configuration list for PBXNativeTarget "rayban_agents" */;
			buildPhases = (
				C67DA0462F30168F0087C603 /* Sources */,
				C67DA0472F30168F0087C603 /* Frameworks */,
				C67DA0482F30168F0087C603 /* Resources */,
			);
			buildRules = (
			);
			dependencies = (
			);
			fileSystemSynchronizedGroups = (
				C67DA04C2F30168F0087C603 /* rayban_agents */,
			);
			name = rayban_agents;
			packageProductDependencies = (
				C69453BC2F301D4000B84437 /* MWDATCamera */,
				C69453BE2F301D4000B84437 /* MWDATCore */,
				C69453C32F30200700B84437 /* StreamVideo */,
				C69453C52F30200700B84437 /* StreamVideoSwiftUI */,
				C69453C72F30200700B84437 /* StreamVideoUIKit */,
			);
			productName = rayban_agents;
			productReference = C67DA04A2F30168F0087C603 /* rayban_agents.app */;
			productType = "com.apple.product-type.application";
		};
		C67DA0562F3016900087C603 /* rayban_agentsTests */ = {
			isa = PBXNativeTarget;
			buildConfigurationList = C67DA06E2F3016900087C603 /* Build configuration list for PBXNativeTarget "rayban_agentsTests" */;
			buildPhases = (
				C67DA0532F3016900087C603 /* Sources */,
				C67DA0542F3016900087C603 /* Frameworks */,
				C67DA0552F3016900087C603 /* Resources */,
			);
			buildRules = (
			);
			dependencies = (
				C67DA0592F3016900087C603 /* PBXTargetDependency */,
			);
			fileSystemSynchronizedGroups = (
				C67DA05A2F3016900087C603 /* rayban_agentsTests */,
			);
			name = rayban_agentsTests;
			packageProductDependencies = (
			);
			productName = rayban_agentsTests;
			productReference = C67DA0572F3016900087C603 /* rayban_agentsTests.xctest */;
			productType = "com.apple.product-type.bundle.unit-test";
		};
		C67DA0602F3016900087C603 /* rayban_agentsUITests */ = {
			isa = PBXNativeTarget;
			buildConfigurationList = C67DA0712F3016900087C603 /* Build configuration list for PBXNativeTarget "rayban_agentsUITests" */;
			buildPhases = (
				C67DA05D2F3016900087C603 /* Sources */,
				C67DA05E2F3016900087C603 /* Frameworks */,
				C67DA05F2F3016900087C603 /* Resources */,
			);
			buildRules = (
			);
			dependencies = (
				C67DA0632F3016900087C603 /* PBXTargetDependency */,
			);
			fileSystemSynchronizedGroups = (
				C67DA0642F3016900087C603 /* rayban_agentsUITests */,
			);
			name = rayban_agentsUITests;
			packageProductDependencies = (
			);
			productName = rayban_agentsUITests;
			productReference = C67DA0612F3016900087C603 /* rayban_agentsUITests.xctest */;
			productType = "com.apple.product-type.bundle.ui-testing";
		};
/* End PBXNativeTarget section */

/* Begin PBXProject section */
		C67DA0422F30168F0087C603 /* Project object */ = {
			isa = PBXProject;
			attributes = {
				BuildIndependentTargetsInParallel = 1;
				LastSwiftUpdateCheck = 2620;
				LastUpgradeCheck = 2620;
				TargetAttributes = {
					C67DA0492F30168F0087C603 = {
						CreatedOnToolsVersion = 26.2;
					};
					C67DA0562F3016900087C603 = {
						CreatedOnToolsVersion = 26.2;
						TestTargetID = C67DA0492F30168F0087C603;
					};
					C67DA0602F3016900087C603 = {
						CreatedOnToolsVersion = 26.2;
						TestTargetID = C67DA0492F30168F0087C603;
					};
				};
			};
			buildConfigurationList = C67DA0452F30168F0087C603 /* Build configuration list for PBXProject "rayban_agents" */;
			developmentRegion = en;
			hasScannedForEncodings = 0;
			knownRegions = (
				en,
				Base,
			);
			mainGroup = C67DA0412F30168F0087C603;
			minimizedProjectReferenceProxies = 1;
			packageReferences = (
				C69453BB2F301D4000B84437 /* XCLocalSwiftPackageReference "../meta-wearables-dat-ios-0.3.0" */,
				C69453C22F30200700B84437 /* XCLocalSwiftPackageReference "../stream-video-swift" */,
			);
			preferredProjectObjectVersion = 77;
			productRefGroup = C67DA04B2F30168F0087C603 /* Products */;
			projectDirPath = "";
			projectRoot = "";
			targets = (
				C67DA0492F30168F0087C603 /* rayban_agents */,
				C67DA0562F3016900087C603 /* rayban_agentsTests */,
				C67DA0602F3016900087C603 /* rayban_agentsUITests */,
			);
		};
/* End PBXProject section */

/* Begin PBXResourcesBuildPhase section */
		C67DA0482F30168F0087C603 /* Resources */ = {
			isa = PBXResourcesBuildPhase;
			buildActionMask = 2147483647;
			files = (
			);
			runOnlyForDeploymentPostprocessing = 0;
		};
		C67DA0552F3016900087C603 /* Resources */ = {
			isa = PBXResourcesBuildPhase;
			buildActionMask = 2147483647;
			files = (
			);
			runOnlyForDeploymentPostprocessing = 0;
		};
		C67DA05F2F3016900087C603 /* Resources */ = {
			isa = PBXResourcesBuildPhase;
			buildActionMask = 2147483647;
			files = (
			);
			runOnlyForDeploymentPostprocessing = 0;
		};
/* End PBXResourcesBuildPhase section */

/* Begin PBXSourcesBuildPhase section */
		C67DA0462F30168F0087C603 /* Sources */ = {
			isa = PBXSourcesBuildPhase;
			buildActionMask = 2147483647;
			files = (
			);
			runOnlyForDeploymentPostprocessing = 0;
		};
		C67DA0532F3016900087C603 /* Sources */ = {
			isa = PBXSourcesBuildPhase;
			buildActionMask = 2147483647;
			files = (
			);
			runOnlyForDeploymentPostprocessing = 0;
		};
		C67DA05D2F3016900087C603 /* Sources */ = {
			isa = PBXSourcesBuildPhase;
			buildActionMask = 2147483647;
			files = (
			);
			runOnlyForDeploymentPostprocessing = 0;
		};
/* End PBXSourcesBuildPhase section */

/* Begin PBXTargetDependency section */
		C67DA0592F3016900087C603 /* PBXTargetDependency */ = {
			isa = PBXTargetDependency;
			target = C67DA0492F30168F0087C603 /* rayban_agents */;
			targetProxy = C67DA0582F3016900087C603 /* PBXContainerItemProxy */;
		};
		C67DA0632F3016900087C603 /* PBXTargetDependency */ = {
			isa = PBXTargetDependency;
			target = C67DA0492F30168F0087C603 /* rayban_agents */;
			targetProxy = C67DA0622F3016900087C603 /* PBXContainerItemProxy */;
		};
/* End PBXTargetDependency section */

/* Begin XCBuildConfiguration section */
		C67DA0692F3016900087C603 /* Debug */ = {
			isa = XCBuildConfiguration;
			buildSettings = {
				ALWAYS_SEARCH_USER_PATHS = NO;
				ASSETCATALOG_COMPILER_GENERATE_SWIFT_ASSET_SYMBOL_EXTENSIONS = YES;
				CLANG_ANALYZER_NONNULL = YES;
				CLANG_ANALYZER_NUMBER_OBJECT_CONVERSION = YES_AGGRESSIVE;
				CLANG_CXX_LANGUAGE_STANDARD = "gnu++20";
				CLANG_ENABLE_MODULES = YES;
				CLANG_ENABLE_OBJC_ARC = YES;
				CLANG_ENABLE_OBJC_WEAK = YES;
				CLANG_WARN_BLOCK_CAPTURE_AUTORELEASING = YES;
				CLANG_WARN_BOOL_CONVERSION = YES;
				CLANG_WARN_COMMA = YES;
				CLANG_WARN_CONSTANT_CONVERSION = YES;
				CLANG_WARN_DEPRECATED_OBJC_IMPLEMENTATIONS = YES;
				CLANG_WARN_DIRECT_OBJC_ISA_USAGE = YES_ERROR;
				CLANG_WARN_DOCUMENTATION_COMMENTS = YES;
				CLANG_WARN_EMPTY_BODY = YES;
				CLANG_WARN_ENUM_CONVERSION = YES;
				CLANG_WARN_INFINITE_RECURSION = YES;
				CLANG_WARN_INT_CONVERSION = YES;
				CLANG_WARN_NON_LITERAL_NULL_CONVERSION = YES;
				CLANG_WARN_OBJC_IMPLICIT_RETAIN_SELF = YES;
				CLANG_WARN_OBJC_LITERAL_CONVERSION = YES;
				CLANG_WARN_OBJC_ROOT_CLASS = YES_ERROR;
				CLANG_WARN_QUOTED_INCLUDE_IN_FRAMEWORK_HEADER = YES;
				CLANG_WARN_RANGE_LOOP_ANALYSIS = YES;
				CLANG_WARN_STRICT_PROTOTYPES = YES;
				CLANG_WARN_SUSPICIOUS_MOVE = YES;
				CLANG_WARN_UNGUARDED_AVAILABILITY = YES_AGGRESSIVE;
				CLANG_WARN_UNREACHABLE_CODE = YES;
				CLANG_WARN__DUPLICATE_METHOD_MATCH = YES;
				COPY_PHASE_STRIP = NO;
				DEBUG_INFORMATION_FORMAT = dwarf;
				DEVELOPMENT_TEAM = BHG62PRC3S;
				ENABLE_STRICT_OBJC_MSGSEND = YES;
				ENABLE_TESTABILITY = YES;
				ENABLE_USER_SCRIPT_SANDBOXING = YES;
				GCC_C_LANGUAGE_STANDARD = gnu17;
				GCC_DYNAMIC_NO_PIC = NO;
				GCC_NO_COMMON_BLOCKS = YES;
				GCC_OPTIMIZATION_LEVEL = 0;
				GCC_PREPROCESSOR_DEFINITIONS = (
					"DEBUG=1",
					"$(inherited)",
				);
				GCC_WARN_64_TO_32_BIT_CONVERSION = YES;
				GCC_WARN_ABOUT_RETURN_TYPE = YES_ERROR;
				GCC_WARN_UNDECLARED_SELECTOR = YES;
				GCC_WARN_UNINITIALIZED_AUTOS = YES_AGGRESSIVE;
				GCC_WARN_UNUSED_FUNCTION = YES;
				GCC_WARN_UNUSED_VARIABLE = YES;
				IPHONEOS_DEPLOYMENT_TARGET = 26.2;
				LOCALIZATION_PREFERS_STRING_CATALOGS = YES;
				MTL_ENABLE_DEBUG_INFO = INCLUDE_SOURCE;
				MTL_FAST_MATH = YES;
				ONLY_ACTIVE_ARCH = YES;
				SDKROOT = iphoneos;
				SWIFT_ACTIVE_COMPILATION_CONDITIONS = "DEBUG $(inherited)";
				SWIFT_OPTIMIZATION_LEVEL = "-Onone";
			};
			name = Debug;
		};
		C67DA06A2F3016900087C603 /* Release */ = {
			isa = XCBuildConfiguration;
			buildSettings = {
				ALWAYS_SEARCH_USER_PATHS = NO;
				ASSETCATALOG_COMPILER_GENERATE_SWIFT_ASSET_SYMBOL_EXTENSIONS = YES;
				CLANG_ANALYZER_NONNULL = YES;
				CLANG_ANALYZER_NUMBER_OBJECT_CONVERSION = YES_AGGRESSIVE;
				CLANG_CXX_LANGUAGE_STANDARD = "gnu++20";
				CLANG_ENABLE_MODULES = YES;
				CLANG_ENABLE_OBJC_ARC = YES;
				CLANG_ENABLE_OBJC_WEAK = YES;
				CLANG_WARN_BLOCK_CAPTURE_AUTORELEASING = YES;
				CLANG_WARN_BOOL_CONVERSION = YES;
				CLANG_WARN_COMMA = YES;
				CLANG_WARN_CONSTANT_CONVERSION = YES;
				CLANG_WARN_DEPRECATED_OBJC_IMPLEMENTATIONS = YES;
				CLANG_WARN_DIRECT_OBJC_ISA_USAGE = YES_ERROR;
				CLANG_WARN_DOCUMENTATION_COMMENTS = YES;
				CLANG_WARN_EMPTY_BODY = YES;
				CLANG_WARN_ENUM_CONVERSION = YES;
				CLANG_WARN_INFINITE_RECURSION = YES;
				CLANG_WARN_INT_CONVERSION = YES;
				CLANG_WARN_NON_LITERAL_NULL_CONVERSION = YES;
				CLANG_WARN_OBJC_IMPLICIT_RETAIN_SELF = YES;
				CLANG_WARN_OBJC_LITERAL_CONVERSION = YES;
				CLANG_WARN_OBJC_ROOT_CLASS = YES_ERROR;
				CLANG_WARN_QUOTED_INCLUDE_IN_FRAMEWORK_HEADER = YES;
				CLANG_WARN_RANGE_LOOP_ANALYSIS = YES;
				CLANG_WARN_STRICT_PROTOTYPES = YES;
				CLANG_WARN_SUSPICIOUS_MOVE = YES;
				CLANG_WARN_UNGUARDED_AVAILABILITY = YES_AGGRESSIVE;
				CLANG_WARN_UNREACHABLE_CODE = YES;
				CLANG_WARN__DUPLICATE_METHOD_MATCH = YES;
				COPY_PHASE_STRIP = NO;
				DEBUG_INFORMATION_FORMAT = "dwarf-with-dsym";
				DEVELOPMENT_TEAM = BHG62PRC3S;
				ENABLE_NS_ASSERTIONS = NO;
				ENABLE_STRICT_OBJC_MSGSEND = YES;
				ENABLE_USER_SCRIPT_SANDBOXING = YES;
				GCC_C_LANGUAGE_STANDARD = gnu17;
				GCC_NO_COMMON_BLOCKS = YES;
				GCC_WARN_64_TO_32_BIT_CONVERSION = YES;
				GCC_WARN_ABOUT_RETURN_TYPE = YES_ERROR;
				GCC_WARN_UNDECLARED_SELECTOR = YES;
				GCC_WARN_UNINITIALIZED_AUTOS = YES_AGGRESSIVE;
				GCC_WARN_UNUSED_FUNCTION = YES;
				GCC_WARN_UNUSED_VARIABLE = YES;
				IPHONEOS_DEPLOYMENT_TARGET = 26.2;
				LOCALIZATION_PREFERS_STRING_CATALOGS = YES;
				MTL_ENABLE_DEBUG_INFO = NO;
				MTL_FAST_MATH = YES;
				SDKROOT = iphoneos;
				SWIFT_COMPILATION_MODE = wholemodule;
				VALIDATE_PRODUCT = YES;
			};
			name = Release;
		};
		C67DA06C2F3016900087C603 /* Debug */ = {
			isa = XCBuildConfiguration;
			buildSettings = {
				ASSETCATALOG_COMPILER_APPICON_NAME = AppIcon;
				ASSETCATALOG_COMPILER_GLOBAL_ACCENT_COLOR_NAME = AccentColor;
				CODE_SIGN_STYLE = Automatic;
				CURRENT_PROJECT_VERSION = 1;
				DEVELOPMENT_TEAM = EHV7XZLAHA;
				ENABLE_PREVIEWS = YES;
				GENERATE_INFOPLIST_FILE = YES;
				INFOPLIST_FILE = "rayban-agents-Info.plist";
				INFOPLIST_KEY_UIApplicationSceneManifest_Generation = YES;
				INFOPLIST_KEY_UIApplicationSupportsIndirectInputEvents = YES;
				INFOPLIST_KEY_UILaunchScreen_Generation = YES;
				INFOPLIST_KEY_UISupportedInterfaceOrientations = UIInterfaceOrientationPortrait;
				LD_RUNPATH_SEARCH_PATHS = (
					"$(inherited)",
					"@executable_path/Frameworks",
				);
				MARKETING_VERSION = 1.0;
				PRODUCT_BUNDLE_IDENTIFIER = io.getstream.glasses;
				PRODUCT_NAME = "$(TARGET_NAME)";
				STRING_CATALOG_GENERATE_SYMBOLS = YES;
				SWIFT_APPROACHABLE_CONCURRENCY = YES;
				SWIFT_DEFAULT_ACTOR_ISOLATION = MainActor;
				SWIFT_EMIT_LOC_STRINGS = YES;
				SWIFT_UPCOMING_FEATURE_MEMBER_IMPORT_VISIBILITY = YES;
				SWIFT_VERSION = 5.0;
				TARGETED_DEVICE_FAMILY = "1,2";
			};
			name = Debug;
		};
		C67DA06D2F3016900087C603 /* Release */ = {
			isa = XCBuildConfiguration;
			buildSettings = {
				ASSETCATALOG_COMPILER_APPICON_NAME = AppIcon;
				ASSETCATALOG_COMPILER_GLOBAL_ACCENT_COLOR_NAME = AccentColor;
				CODE_SIGN_STYLE = Automatic;
				CURRENT_PROJECT_VERSION = 1;
				DEVELOPMENT_TEAM = EHV7XZLAHA;
				ENABLE_PREVIEWS = YES;
				GENERATE_INFOPLIST_FILE = YES;
				INFOPLIST_FILE = "rayban-agents-Info.plist";
				INFOPLIST_KEY_UIApplicationSceneManifest_Generation = YES;
				INFOPLIST_KEY_UIApplicationSupportsIndirectInputEvents = YES;
				INFOPLIST_KEY_UILaunchScreen_Generation = YES;
				INFOPLIST_KEY_UISupportedInterfaceOrientations = UIInterfaceOrientationPortrait;
				LD_RUNPATH_SEARCH_PATHS = (
					"$(inherited)",
					"@executable_path/Frameworks",
				);
				MARKETING_VERSION = 1.0;
				PRODUCT_BUNDLE_IDENTIFIER = io.getstream.glasses;
				PRODUCT_NAME = "$(TARGET_NAME)";
				STRING_CATALOG_GENERATE_SYMBOLS = YES;
				SWIFT_APPROACHABLE_CONCURRENCY = YES;
				SWIFT_DEFAULT_ACTOR_ISOLATION = MainActor;
				SWIFT_EMIT_LOC_STRINGS = YES;
				SWIFT_UPCOMING_FEATURE_MEMBER_IMPORT_VISIBILITY = YES;
				SWIFT_VERSION = 5.0;
				TARGETED_DEVICE_FAMILY = "1,2";
			};
			name = Release;
		};
		C67DA06F2F3016900087C603 /* Debug */ = {
			isa = XCBuildConfiguration;
			buildSettings = {
				BUNDLE_LOADER = "$(TEST_HOST)";
				CODE_SIGN_STYLE = Automatic;
				CURRENT_PROJECT_VERSION = 1;
				DEVELOPMENT_TEAM = BHG62PRC3S;
				GENERATE_INFOPLIST_FILE = YES;
				IPHONEOS_DEPLOYMENT_TARGET = 26.2;
				MARKETING_VERSION = 1.0;
				PRODUCT_BUNDLE_IDENTIFIER = "dev.neevash.draft.rayban-agentsTests";
				PRODUCT_NAME = "$(TARGET_NAME)";
				STRING_CATALOG_GENERATE_SYMBOLS = NO;
				SWIFT_APPROACHABLE_CONCURRENCY = YES;
				SWIFT_EMIT_LOC_STRINGS = NO;
				SWIFT_UPCOMING_FEATURE_MEMBER_IMPORT_VISIBILITY = YES;
				SWIFT_VERSION = 5.0;
				TARGETED_DEVICE_FAMILY = "1,2";
				TEST_HOST = "$(BUILT_PRODUCTS_DIR)/rayban_agents.app/$(BUNDLE_EXECUTABLE_FOLDER_PATH)/rayban_agents";
			};
			name = Debug;
		};
		C67DA0702F3016900087C603 /* Release */ = {
			isa = XCBuildConfiguration;
			buildSettings = {
				BUNDLE_LOADER = "$(TEST_HOST)";
				CODE_SIGN_STYLE = Automatic;
				CURRENT_PROJECT_VERSION = 1;
				DEVELOPMENT_TEAM = BHG62PRC3S;
				GENERATE_INFOPLIST_FILE = YES;
				IPHONEOS_DEPLOYMENT_TARGET = 26.2;
				MARKETING_VERSION = 1.0;
				PRODUCT_BUNDLE_IDENTIFIER = "dev.neevash.draft.rayban-agentsTests";
				PRODUCT_NAME = "$(TARGET_NAME)";
				STRING_CATALOG_GENERATE_SYMBOLS = NO;
				SWIFT_APPROACHABLE_CONCURRENCY = YES;
				SWIFT_EMIT_LOC_STRINGS = NO;
				SWIFT_UPCOMING_FEATURE_MEMBER_IMPORT_VISIBILITY = YES;
				SWIFT_VERSION = 5.0;
				TARGETED_DEVICE_FAMILY = "1,2";
				TEST_HOST = "$(BUILT_PRODUCTS_DIR)/rayban_agents.app/$(BUNDLE_EXECUTABLE_FOLDER_PATH)/rayban_agents";
			};
			name = Release;
		};
		C67DA0722F3016900087C603 /* Debug */ = {
			isa = XCBuildConfiguration;
			buildSettings = {
				CODE_SIGN_STYLE = Automatic;
				CURRENT_PROJECT_VERSION = 1;
				DEVELOPMENT_TEAM = BHG62PRC3S;
				GENERATE_INFOPLIST_FILE = YES;
				MARKETING_VERSION = 1.0;
				PRODUCT_BUNDLE_IDENTIFIER = "dev.neevash.draft.rayban-agentsUITests";
				PRODUCT_NAME = "$(TARGET_NAME)";
				STRING_CATALOG_GENERATE_SYMBOLS = NO;
				SWIFT_APPROACHABLE_CONCURRENCY = YES;
				SWIFT_EMIT_LOC_STRINGS = NO;
				SWIFT_UPCOMING_FEATURE_MEMBER_IMPORT_VISIBILITY = YES;
				SWIFT_VERSION = 5.0;
				TARGETED_DEVICE_FAMILY = "1,2";
				TEST_TARGET_NAME = rayban_agents;
			};
			name = Debug;
		};
		C67DA0732F3016900087C603 /* Release */ = {
			isa = XCBuildConfiguration;
			buildSettings = {
				CODE_SIGN_STYLE = Automatic;
				CURRENT_PROJECT_VERSION = 1;
				DEVELOPMENT_TEAM = BHG62PRC3S;
				GENERATE_INFOPLIST_FILE = YES;
				MARKETING_VERSION = 1.0;
				PRODUCT_BUNDLE_IDENTIFIER = "dev.neevash.draft.rayban-agentsUITests";
				PRODUCT_NAME = "$(TARGET_NAME)";
				STRING_CATALOG_GENERATE_SYMBOLS = NO;
				SWIFT_APPROACHABLE_CONCURRENCY = YES;
				SWIFT_EMIT_LOC_STRINGS = NO;
				SWIFT_UPCOMING_FEATURE_MEMBER_IMPORT_VISIBILITY = YES;
				SWIFT_VERSION = 5.0;
				TARGETED_DEVICE_FAMILY = "1,2";
				TEST_TARGET_NAME = rayban_agents;
			};
			name = Release;
		};
/* End XCBuildConfiguration section */

/* Begin XCConfigurationList section */
		C67DA0452F30168F0087C603 /* Build configuration list for PBXProject "rayban_agents" */ = {
			isa = XCConfigurationList;
			buildConfigurations = (
				C67DA0692F3016900087C603 /* Debug */,
				C67DA06A2F3016900087C603 /* Release */,
			);
			defaultConfigurationIsVisible = 0;
			defaultConfigurationName = Release;
		};
		C67DA06B2F3016900087C603 /* Build configuration list for PBXNativeTarget "rayban_agents" */ = {
			isa = XCConfigurationList;
			buildConfigurations = (
				C67DA06C2F3016900087C603 /* Debug */,
				C67DA06D2F3016900087C603 /* Release */,
			);
			defaultConfigurationIsVisible = 0;
			defaultConfigurationName = Release;
		};
		C67DA06E2F3016900087C603 /* Build configuration list for PBXNativeTarget "rayban_agentsTests" */ = {
			isa = XCConfigurationList;
			buildConfigurations = (
				C67DA06F2F3016900087C603 /* Debug */,
				C67DA0702F3016900087C603 /* Release */,
			);
			defaultConfigurationIsVisible = 0;
			defaultConfigurationName = Release;
		};
		C67DA0712F3016900087C603 /* Build configuration list for PBXNativeTarget "rayban_agentsUITests" */ = {
			isa = XCConfigurationList;
			buildConfigurations = (
				C67DA0722F3016900087C603 /* Debug */,
				C67DA0732F3016900087C603 /* Release */,
			);
			defaultConfigurationIsVisible = 0;
			defaultConfigurationName = Release;
		};
/* End XCConfigurationList section */

/* Begin XCLocalSwiftPackageReference section */
		C69453BB2F301D4000B84437 /* XCLocalSwiftPackageReference "../meta-wearables-dat-ios-0.3.0" */ = {
			isa = XCLocalSwiftPackageReference;
			relativePath = "../meta-wearables-dat-ios-0.3.0";
		};
		C69453C22F30200700B84437 /* XCLocalSwiftPackageReference "../stream-video-swift" */ = {
			isa = XCLocalSwiftPackageReference;
			relativePath = "../stream-video-swift";
		};
/* End XCLocalSwiftPackageReference section */

/* Begin XCSwiftPackageProductDependency section */
		C69453BC2F301D4000B84437 /* MWDATCamera */ = {
			isa = XCSwiftPackageProductDependency;
			productName = MWDATCamera;
		};
		C69453BE2F301D4000B84437 /* MWDATCore */ = {
			isa = XCSwiftPackageProductDependency;
			productName = MWDATCore;
		};
		C69453C32F30200700B84437 /* StreamVideo */ = {
			isa = XCSwiftPackageProductDependency;
			package = C69453C22F30200700B84437 /* XCLocalSwiftPackageReference "../stream-video-swift" */;
			productName = StreamVideo;
		};
		C69453C52F30200700B84437 /* StreamVideoSwiftUI */ = {
			isa = XCSwiftPackageProductDependency;
			package = C69453C22F30200700B84437 /* XCLocalSwiftPackageReference "../stream-video-swift" */;
			productName = StreamVideoSwiftUI;
		};
		C69453C72F30200700B84437 /* StreamVideoUIKit */ = {
			isa = XCSwiftPackageProductDependency;
			package = C69453C22F30200700B84437 /* XCLocalSwiftPackageReference "../stream-video-swift" */;
			productName = StreamVideoUIKit;
		};
/* End XCSwiftPackageProductDependency section */
	};
	rootObject = C67DA0422F30168F0087C603 /* Project object */;
}
